
Microsoft Visual Studio Solution File, Format Version 12.00
# Visual Studio Version 17
VisualStudioVersion = 17.13.35825.156
MinimumVisualStudioVersion = 10.0.40219.1
Project("{FAE04EC0-301F-11D3-BF4B-00C04F79EFBC}") = "offering_demo", "offering demo\offering_demo.csproj", "{71B37734-793E-4FA2-9211-6E8598CE7EE6}"
EndProject
Global
	GlobalSection(SolutionConfigurationPlatforms) = preSolution
		Debug|Any CPU = Debug|Any CPU
		Release|Any CPU = Release|Any CPU
	EndGlobalSection
	GlobalSection(ProjectConfigurationPlatforms) = postSolution
		{71B37734-793E-4FA2-9211-6E8598CE7EE6}.Debug|Any CPU.ActiveCfg = Debug|Any CPU
		{71B37734-793E-4FA2-9211-6E8598CE7EE6}.Debug|Any CPU.Build.0 = Debug|Any CPU
		{71B37734-793E-4FA2-9211-6E8598CE7EE6}.Release|Any CPU.ActiveCfg = Release|Any CPU
		{71B37734-793E-4FA2-9211-6E8598CE7EE6}.Release|Any CPU.Build.0 = Release|Any CPU
	EndGlobalSection
	GlobalSection(SolutionProperties) = preSolution
		HideSolutionNode = FALSE
	EndGlobalSection
	GlobalSection(ExtensibilityGlobals) = postSolution
		SolutionGuid = {735231AA-CE20-4A38-8637-9E2E1D657815}
	EndGlobalSection
EndGlobal
